
Microsoft Visual Studio Solution File, Format Version 12.00
# Visual Studio Version 17
VisualStudioVersion = 17.8.34309.116
MinimumVisualStudioVersion = 10.0.40219.1
Project("{888888A0-9F3D-457C-B088-3A5042F75D52}") = "PySMS780E", "PySMS780E.pyproj", "{CD70E0A6-AC35-4BE1-9881-904A2B242B02}"
EndProject
Global
	GlobalSection(SolutionConfigurationPlatforms) = preSolution
		Debug|Any CPU = Debug|Any CPU
		Release|Any CPU = Release|Any CPU
	EndGlobalSection
	GlobalSection(ProjectConfigurationPlatforms) = postSolution
		{CD70E0A6-AC35-4BE1-9881-904A2B242B02}.Debug|Any CPU.ActiveCfg = Debug|Any CPU
		{CD70E0A6-AC35-4BE1-9881-904A2B242B02}.Release|Any CPU.ActiveCfg = Release|Any CPU
	EndGlobalSection
	GlobalSection(SolutionProperties) = preSolution
		HideSolutionNode = FALSE
	EndGlobalSection
	GlobalSection(ExtensibilityGlobals) = postSolution
		SolutionGuid = {3A51736B-EBD3-4912-8908-1E689065AB2D}
	EndGlobalSection
EndGlobal
